
Microsoft Visual Studio Solution File, Format Version 12.00
# Visual Studio Version 16
VisualStudioVersion = 16.0.30413.136
MinimumVisualStudioVersion = 10.0.40219.1
Project("{FAE04EC0-301F-11D3-BF4B-00C04F79EFBC}") = "F1SampleApp", "F1SampleApp\F1SampleApp.csproj", "{F5878B60-AC25-4CE9-BED3-A917F456FB43}"
EndProject
Global
	GlobalSection(SolutionConfigurationPlatforms) = preSolution
		Debug|Any CPU = Debug|Any CPU
		Release|Any CPU = Release|Any CPU
	EndGlobalSection
	GlobalSection(ProjectConfigurationPlatforms) = postSolution
		{F5878B60-AC25-4CE9-BED3-A917F456FB43}.Debug|Any CPU.ActiveCfg = Debug|Any CPU
		{F5878B60-AC25-4CE9-BED3-A917F456FB43}.Debug|Any CPU.Build.0 = Debug|Any CPU
		{F5878B60-AC25-4CE9-BED3-A917F456FB43}.Release|Any CPU.ActiveCfg = Release|Any CPU
		{F5878B60-AC25-4CE9-BED3-A917F456FB43}.Release|Any CPU.Build.0 = Release|Any CPU
	EndGlobalSection
	GlobalSection(SolutionProperties) = preSolution
		HideSolutionNode = FALSE
	EndGlobalSection
	GlobalSection(ExtensibilityGlobals) = postSolution
		SolutionGuid = {FB362FF6-3199-471F-AB12-458A495BA892}
	EndGlobalSection
EndGlobal
